{
    "_meta": {
        "hash": {
            "sha256": "c3b0a61204238521583ca46e014e83bcdbba9dae550f4be2fc02a3b2c1f88656"
        },
        "pipfile-spec": 6,
        "requires": {
            "python_version": "3.7"
        },
        "sources": [
            {
                "name": "pypi",
                "url": "https://pypi.org/simple",
                "verify_ssl": true
            }
        ]
    },
    "default": {
        "adafruit-blinka": {
            "hashes": [
                "sha256:5e000d05e1889f72986cc6aeca412972d3dc5b3315cfe758396736730b159176"
            ],
            "version": "==3.9.0"
        },
        "adafruit-circuitpython-busdevice": {
            "hashes": [
                "sha256:b71821566c88697cc7b10f0e439e2879c1bc9689d2f3e71a152fbb4af8af1e83"
            ],
            "version": "==4.1.4"
        },
        "adafruit-circuitpython-motor": {
            "hashes": [
                "sha256:4d17b90d71bfd992b9b8f0babfc036abc2743e877234e9677fb2869e66e72eba"
            ],
            "version": "==2.0.2"
        },
        "adafruit-circuitpython-motorkit": {
            "hashes": [
                "sha256:438fb3956bdaf980219523feeb87841415c4bf60588c7553f06972de8af88189"
            ],
            "index": "pypi",
            "version": "==1.3.1"
        },
        "adafruit-circuitpython-pca9685": {
            "hashes": [
                "sha256:070b89a51cd565ba7eab0342a5d21b308059641ff475d40054947202293f56cc"
            ],
            "version": "==3.2.6"
        },
        "adafruit-circuitpython-register": {
            "hashes": [
                "sha256:f9269e10cce67c9458448a6f595b95fdd92c5fb79fe4d0304eb32e1fef78ec82"
            ],
            "version": "==1.7.4"
        },
        "adafruit-platformdetect": {
            "hashes": [
                "sha256:382e462bb31f615b1a51c20b9ab734221dd693cc52634edafa505a07694be197"
            ],
            "version": "==2.1.0"
        },
        "adafruit-pureio": {
            "hashes": [
                "sha256:b67587ed3c4dc90bd0e9b988587efa66b4466abf71eb0dcbcd4695e7e4350326"
            ],
            "version": "==1.0.4"
        },
        "certifi": {
            "hashes": [
                "sha256:017c25db2a153ce562900032d5bc68e9f191e44e9a0f762f373977de9df1fbb3",
                "sha256:25b64c7da4cd7479594d035c08c2d809eb4aab3a26e5a990ea98cc450c320f1f"
            ],
            "version": "==2019.11.28"
        },
        "chardet": {
            "hashes": [
                "sha256:84ab92ed1c4d4f16916e05906b6b75a6c0fb5db821cc65e70cbd64a3e2a5eaae",
                "sha256:fc323ffcaeaed0e0a02bf4d117757b98aed530d9ed4531e3e15460124c106691"
            ],
            "version": "==3.0.4"
        },
        "hjson": {
            "hashes": [
                "sha256:1d1727faa6aaef2973921877125a3ab7c5f6d34b93233179d01770f41fab51f9"
            ],
            "version": "==3.0.1"
        },
        "hologram-python": {
            "hashes": [
                "sha256:ace4c5ab732d7c2a99abe25217dbf873b9756980c0a05dcf1d6ed34bbaf63d49"
            ],
            "index": "pypi",
            "version": "==0.9.0"
        },
        "idna": {
            "hashes": [
                "sha256:c357b3f628cf53ae2c4c05627ecc484553142ca23264e593d327bcde5e9c3407",
                "sha256:ea8b7f6188e6fa117537c3df7da9fc686d485087abf6ac197f9c46432f7e4a3c"
            ],
            "version": "==2.8"
        },
        "mock": {
            "hashes": [
                "sha256:83657d894c90d5681d62155c82bda9c1187827525880eda8ff5df4ec813437c3",
                "sha256:d157e52d4e5b938c550f39eb2fd15610db062441a9c2747d3dbfa9298211d0f8"
            ],
            "version": "==3.0.5"
        },
        "picamera": {
            "hashes": [
                "sha256:890815aa01e4d855a6a95dd3ad0953b872a6b954982106407df0c5a31a163e50"
            ],
            "index": "pypi",
            "version": "==1.13"
        },
        "psutil": {
            "hashes": [
                "sha256:094f899ac3ef72422b7e00411b4ed174e3c5a2e04c267db6643937ddba67a05b",
                "sha256:10b7f75cc8bd676cfc6fa40cd7d5c25b3f45a0e06d43becd7c2d2871cbb5e806",
                "sha256:1b1575240ca9a90b437e5a40db662acd87bbf181f6aa02f0204978737b913c6b",
                "sha256:21231ef1c1a89728e29b98a885b8e0a8e00d09018f6da5cdc1f43f988471a995",
                "sha256:28f771129bfee9fc6b63d83a15d857663bbdcae3828e1cb926e91320a9b5b5cd",
                "sha256:70387772f84fa5c3bb6a106915a2445e20ac8f9821c5914d7cbde148f4d7ff73",
                "sha256:b560f5cd86cf8df7bcd258a851ca1ad98f0d5b8b98748e877a0aec4e9032b465",
                "sha256:b74b43fecce384a57094a83d2778cdfc2e2d9a6afaadd1ebecb2e75e0d34e10d",
                "sha256:e85f727ffb21539849e6012f47b12f6dd4c44965e56591d8dec6e8bc9ab96f4a",
                "sha256:fd2e09bb593ad9bdd7429e779699d2d47c1268cbde4dda95fcd1bd17544a0217",
                "sha256:ffad8eb2ac614518bbe3c0b8eb9dffdb3a8d2e3a7d5da51c5b974fb723a5c5aa"
            ],
            "version": "==5.6.7"
        },
        "pycryptodome": {
            "hashes": [
                "sha256:023c294367d7189ae224fb61bc8d49a2347704087c1c78dbd5ab114dd5b97761",
                "sha256:0f29e1238ad3b6b6e2acd7ea1d8e8b382978a56503f2c48b67d5dc144d143cb0",
                "sha256:18f376698e3ddcb1d3b312512ca78c9eed132e68ac6d0bf2e72452dfe213e96f",
                "sha256:1de815b847982f909dc2e5e2ca641b85cde80d95cc7e6a359c03d4b42cd21568",
                "sha256:1ff619b8e4050799ca5ca0ffdf8eb0dbccba6997997866755f37e6aa7dde23fe",
                "sha256:233a04bb7bdd4b07e14d61d5166150942d872802daa4f049d49a453fe0659e94",
                "sha256:33c07e1e36ec84524b49f99f11804d5e4d2188c643e84d914cb1e0a277ed3c79",
                "sha256:3701822a085dbebf678bfbdfbd6ebd92ffa80d5a544c9979984bf16a67c9790b",
                "sha256:3f8e6851c0a45429f9b86c1597d3b831b0cff140b3e170a891fce55ef8dac2bb",
                "sha256:4f6cdddf1fe72e7f173e9734aa19b94cbd046b61a8559d650ff222e36021d5c1",
                "sha256:52d20b22c5b1fc952b4c686b99a6c55c3b0b0a673bec30570f156a72198f66ff",
                "sha256:5452b534fecf8bf57cf9106d00877f5f4ab7264e7a5e1f5ea8d15b04517d1255",
                "sha256:5a7a9a4a7f8f0990fa97fee71c7f7e0c412925c515cfc6d4996961e92c9be8e5",
                "sha256:600bf9dd5fbed0feee83950e2a8baacaa1f38b56c237fff270d31e47f8da9e52",
                "sha256:6840c9881e528224ebf72b3f73b3d11baf399e265106c9f4d9bae4f09615a93a",
                "sha256:71b041d43fe13004abc36ca720ac64ea489ee8a3407a25116481d0faf9d62494",
                "sha256:7252498b427c421e306473ed344e58235eedd95c15fec2e1b33d333aefa1ea10",
                "sha256:8d2135c941d38f241e0e62dbdfc1ca5d9240527e61316126797f50b6f3e49825",
                "sha256:a0962aea03933b99cf391c3e10dfef32f77915d5553464264cfbc6711f31d254",
                "sha256:a117047a220b3911d425affcd1cbc97a1af7ea7eb5d985d9964d42b4f0558489",
                "sha256:a35a5c588248ba00eb976a8554211e584a55de286783bc69b12bdd7954052b4a",
                "sha256:c1a4f3f651471b9bf60b0d98fa8a994b8a73ff8ab4edc691e23243c853aaff9f",
                "sha256:c419943306756ddd1a1997120bb073733bc223365909c68185106d5521cbc0ef",
                "sha256:c453ad968b67d66448543420ec39770c30bd16d986058255f058ab87c4f6cc1f",
                "sha256:d2d78644655629c7d1b9bf28e479d29facc0949d9ff095103ca9c2314b329ee0",
                "sha256:d7be60dc2126ee350ac7191549f5ab05c2dd76a5d5a3022249f395a401c6ea37",
                "sha256:dbeb08ad850056747aa7d5f33273b7ce0b9a77910604a1be7b7a6f2ef076213f",
                "sha256:f02382dc1bf91fb7123f2a3851fb1b526c871fa9359f387f2bcc847efc74ae52"
            ],
            "version": "==3.9.0"
        },
        "pyftdi": {
            "hashes": [
                "sha256:72436911f1f5da15869027401ef666e9b0c8f051e4ba8cd32377b0757016ebae"
            ],
            "version": "==0.42.2"
        },
        "pyroute2": {
            "hashes": [
                "sha256:963fce07da2841456d39e3b932b071f6de28d23dadfae014022d67a752916f98"
            ],
            "version": "==0.5.7"
        },
        "pyserial": {
            "hashes": [
                "sha256:6e2d401fdee0eab996cf734e67773a0143b932772ca8b42451440cfed942c627",
                "sha256:e0770fadba80c31013896c7e6ef703f72e7834965954a78e71a3049488d4d7d8"
            ],
            "version": "==3.4"
        },
        "python-pppd": {
            "hashes": [
                "sha256:263a3187cad021634a51cabe2ba4ece6fd730c1d238f94d7802c6217593d695a"
            ],
            "version": "==1.0.3"
        },
        "python-sdk-auth": {
            "hashes": [
                "sha256:c486f0d870dcf1bec123454bbcb8a9a9aab3ee7fef62cae360a5f8ba59734328"
            ],
            "version": "==0.3.0"
        },
        "pyudev": {
            "hashes": [
                "sha256:094b7a100150114748aaa3b70663485dd360457a709bfaaafe5a977371033f2b"
            ],
            "version": "==0.21.0"
        },
        "pyusb": {
            "hashes": [
                "sha256:4e9b72cc4a4205ca64fbf1f3fff39a335512166c151ad103e55c8223ac147362"
            ],
            "version": "==1.0.2"
        },
        "requests": {
            "hashes": [
                "sha256:11e007a8a2aa0323f5a921e9e6a2d7e4e67d9877e85773fba9ba6419025cbeb4",
                "sha256:9cf5292fcd0f598c671cfc1e0d7d1a7f13bb8085e9a590f48c010551dc6c4b31"
            ],
            "version": "==2.22.0"
        },
        "six": {
            "hashes": [
                "sha256:236bdbdce46e6e6a3d61a337c0f8b763ca1e8717c03b369e87a7ec7ce1319c0a",
                "sha256:8f3cd2e254d8f793e7f3d6d9df77b92252b52637291d0f0da013c76ea2724b6c"
            ],
            "version": "==1.14.0"
        },
        "sysv-ipc": {
            "hashes": [
                "sha256:2b2b8491764845d06a9d5731ebe67f12fbe0c35967ac7f2bbe55ff24cb302405",
                "sha256:8eff10dd17789ddf21b422ce46ae0f6420088902a88e4296cb805cf2fde8b4dc",
                "sha256:a67fc5b7a3dd5fc9c50776de0c65a44eb776d29bb88364dedb1fb1149e53a1f1"
            ],
            "version": "==1.0.1"
        },
        "urllib3": {
            "hashes": [
                "sha256:2f3db8b19923a873b3e5256dc9c2dedfa883e33d87c690d9c7913e1f40673cdc",
                "sha256:87716c2d2a7121198ebcb7ce7cccf6ce5e9ba539041cfbaeecfb641dc0bf6acc"
            ],
            "version": "==1.25.8"
        }
    },
    "develop": {}
}
